
Microsoft Visual Studio Solution File, Format Version 12.00
# Visual Studio 14
VisualStudioVersion = 14.0.25123.0
MinimumVisualStudioVersion = 10.0.40219.1
Project("{9092AA53-FB77-4645-B42D-1CCCA6BD08BD}") = "StoreBot", "StoreBot.njsproj", "{0A3F29D7-1717-49B5-87D3-5333C99C17B4}"
EndProject
Global
	GlobalSection(SolutionConfigurationPlatforms) = preSolution
		Debug|Any CPU = Debug|Any CPU
		Release|Any CPU = Release|Any CPU
	EndGlobalSection
	GlobalSection(ProjectConfigurationPlatforms) = postSolution
		{0A3F29D7-1717-49B5-87D3-5333C99C17B4}.Debug|Any CPU.ActiveCfg = Debug|Any CPU
		{0A3F29D7-1717-49B5-87D3-5333C99C17B4}.Debug|Any CPU.Build.0 = Debug|Any CPU
		{0A3F29D7-1717-49B5-87D3-5333C99C17B4}.Release|Any CPU.ActiveCfg = Release|Any CPU
		{0A3F29D7-1717-49B5-87D3-5333C99C17B4}.Release|Any CPU.Build.0 = Release|Any CPU
	EndGlobalSection
	GlobalSection(SolutionProperties) = preSolution
		HideSolutionNode = FALSE
	EndGlobalSection
EndGlobal
